// !$*UTF8*$!
{
	archiveVersion = 1;
	classes = {
	};
	objectVersion = 77;
	objects = {

/* Begin PBXGroup section */
		E6401B282F5DB95E002509BB = {
			isa = PBXGroup;
			children = (
			);
			sourceTree = "<group>";
		};
/* End PBXGroup section */

/* Begin PBXProject section */
		E6401B292F5DB95E002509BB /* Project object */ = {
			isa = PBXProject;
			attributes = {
				BuildIndependentTargetsInParallel = 1;
				LastUpgradeCheck = 2630;
			};
			buildConfigurationList = E6401B2C2F5DB95E002509BB /* Build configuration list for PBXProject "yanaiengine" */;
			developmentRegion = en;
			hasScannedForEncodings = 0;
			knownRegions = (
				en,
				Base,
			);
			mainGroup = E6401B282F5DB95E002509BB;
			minimizedProjectReferenceProxies = 1;
			preferredProjectObjectVersion = 77;
			projectDirPath = "";
			projectRoot = "";
			targets = (
			);
		};
/* End PBXProject section */

/* Begin XCBuildConfiguration section */
		E6401B2D2F5DB95E002509BB /* Debug */ = {
			isa = XCBuildConfiguration;
			buildSettings = {
				DEVELOPMENT_TEAM = 29LT93G54W;
			};
			name = Debug;
		};
		E6401B2E2F5DB95E002509BB /* Release */ = {
			isa = XCBuildConfiguration;
			buildSettings = {
				DEVELOPMENT_TEAM = 29LT93G54W;
			};
			name = Release;
		};
/* End XCBuildConfiguration section */

/* Begin XCConfigurationList section */
		E6401B2C2F5DB95E002509BB /* Build configuration list for PBXProject "yanaiengine" */ = {
			isa = XCConfigurationList;
			buildConfigurations = (
				E6401B2D2F5DB95E002509BB /* Debug */,
				E6401B2E2F5DB95E002509BB /* Release */,
			);
			defaultConfigurationIsVisible = 0;
			defaultConfigurationName = Release;
		};
/* End XCConfigurationList section */
	};
	rootObject = E6401B292F5DB95E002509BB /* Project object */;
}
